// !$*UTF8*$!
{
	archiveVersion = 1;
	classes = {
	};
	objectVersion = 51;
	objects = {

/* Begin PBXBuildFile section */
		07206312247AC5FD00B3DD7D /* HomeUserTableViewCell.swift in Sources */ = {isa = PBXBuildFile; fileRef = 07206310247AC5FD00B3DD7D /* HomeUserTableViewCell.swift */; };
		07206313247AC5FD00B3DD7D /* HomeUserTableViewCell.xib in Resources */ = {isa = PBXBuildFile; fileRef = 07206311247AC5FD00B3DD7D /* HomeUserTableViewCell.xib */; };
		07206316247AD79900B3DD7D /* ExtensionViewCell.swift in Sources */ = {isa = PBXBuildFile; fileRef = 07206315247AD79900B3DD7D /* ExtensionViewCell.swift */; };
		073002AF2480305D001BCF45 /* ContactTableViewCell.swift in Sources */ = {isa = PBXBuildFile; fileRef = 073002AD2480305D001BCF45 /* ContactTableViewCell.swift */; };
		073002B02480305D001BCF45 /* ContactTableViewCell.xib in Resources */ = {isa = PBXBuildFile; fileRef = 073002AE2480305D001BCF45 /* ContactTableViewCell.xib */; };
		073002BE24804416001BCF45 /* DetailPresenter.swift in Sources */ = {isa = PBXBuildFile; fileRef = 073002BA24804415001BCF45 /* DetailPresenter.swift */; };
		073002BF24804416001BCF45 /* DetailRouter.swift in Sources */ = {isa = PBXBuildFile; fileRef = 073002BB24804415001BCF45 /* DetailRouter.swift */; };
		073002C024804416001BCF45 /* DetailAssembly.swift in Sources */ = {isa = PBXBuildFile; fileRef = 073002BC24804416001BCF45 /* DetailAssembly.swift */; };
		073002C124804416001BCF45 /* DetailInteractor.swift in Sources */ = {isa = PBXBuildFile; fileRef = 073002BD24804416001BCF45 /* DetailInteractor.swift */; };
		0799BAF6247979C900ED8B5A /* AppDelegate.swift in Sources */ = {isa = PBXBuildFile; fileRef = 0799BAF5247979C900ED8B5A /* AppDelegate.swift */; };
		0799BAF8247979C900ED8B5A /* SceneDelegate.swift in Sources */ = {isa = PBXBuildFile; fileRef = 0799BAF7247979C900ED8B5A /* SceneDelegate.swift */; };
		0799BAFA247979C900ED8B5A /* HomeViewController.swift in Sources */ = {isa = PBXBuildFile; fileRef = 0799BAF9247979C900ED8B5A /* HomeViewController.swift */; };
		0799BAFD247979C900ED8B5A /* Main.storyboard in Resources */ = {isa = PBXBuildFile; fileRef = 0799BAFB247979C900ED8B5A /* Main.storyboard */; };
		0799BAFF247979CA00ED8B5A /* Assets.xcassets in Resources */ = {isa = PBXBuildFile; fileRef = 0799BAFE247979CA00ED8B5A /* Assets.xcassets */; };
		0799BB02247979CA00ED8B5A /* LaunchScreen.storyboard in Resources */ = {isa = PBXBuildFile; fileRef = 0799BB00247979CA00ED8B5A /* LaunchScreen.storyboard */; };
		0799BB0A24797C7E00ED8B5A /* HomePresenter.swift in Sources */ = {isa = PBXBuildFile; fileRef = 0799BB0924797C7E00ED8B5A /* HomePresenter.swift */; };
		0799BB0C24797C9800ED8B5A /* HomeInteractor.swift in Sources */ = {isa = PBXBuildFile; fileRef = 0799BB0B24797C9800ED8B5A /* HomeInteractor.swift */; };
		0799BB0E24797CBD00ED8B5A /* HomeRouter.swift in Sources */ = {isa = PBXBuildFile; fileRef = 0799BB0D24797CBD00ED8B5A /* HomeRouter.swift */; };
		0799BB1124797CEF00ED8B5A /* HomeAssembly.swift in Sources */ = {isa = PBXBuildFile; fileRef = 0799BB1024797CEF00ED8B5A /* HomeAssembly.swift */; };
		0799BB15247999CA00ED8B5A /* Model.swift in Sources */ = {isa = PBXBuildFile; fileRef = 0799BB14247999CA00ED8B5A /* Model.swift */; };
		07B22616247B1958006FB68D /* NavigationBuilder.swift in Sources */ = {isa = PBXBuildFile; fileRef = 07B22615247B1958006FB68D /* NavigationBuilder.swift */; };
		07B2261A247B2DD7006FB68D /* DetailViewController.swift in Sources */ = {isa = PBXBuildFile; fileRef = 07B22618247B2DD7006FB68D /* DetailViewController.swift */; };
		07B2261B247B2DD7006FB68D /* DetailViewController.xib in Resources */ = {isa = PBXBuildFile; fileRef = 07B22619247B2DD7006FB68D /* DetailViewController.xib */; };
		532BBF313A244199F618E6C8 /* Pods_Airplane.framework in Frameworks */ = {isa = PBXBuildFile; fileRef = 716EAC4A75C5B30A1CE36AC1 /* Pods_Airplane.framework */; };
/* End PBXBuildFile section */

/* Begin PBXFileReference section */
		06FE9B04B7F8EDCACF17B5D8 /* Pods-Airplane.release.xcconfig */ = {isa = PBXFileReference; includeInIndex = 1; lastKnownFileType = text.xcconfig; name = "Pods-Airplane.release.xcconfig"; path = "Target Support Files/Pods-Airplane/Pods-Airplane.release.xcconfig"; sourceTree = "<group>"; };
		07206310247AC5FD00B3DD7D /* HomeUserTableViewCell.swift */ = {isa = PBXFileReference; lastKnownFileType = sourcecode.swift; path = HomeUserTableViewCell.swift; sourceTree = "<group>"; };
		07206311247AC5FD00B3DD7D /* HomeUserTableViewCell.xib */ = {isa = PBXFileReference; lastKnownFileType = file.xib; path = HomeUserTableViewCell.xib; sourceTree = "<group>"; };
		07206315247AD79900B3DD7D /* ExtensionViewCell.swift */ = {isa = PBXFileReference; lastKnownFileType = sourcecode.swift; path = ExtensionViewCell.swift; sourceTree = "<group>"; };
		073002AD2480305D001BCF45 /* ContactTableViewCell.swift */ = {isa = PBXFileReference; lastKnownFileType = sourcecode.swift; path = ContactTableViewCell.swift; sourceTree = "<group>"; };
		073002AE2480305D001BCF45 /* ContactTableViewCell.xib */ = {isa = PBXFileReference; lastKnownFileType = file.xib; path = ContactTableViewCell.xib; sourceTree = "<group>"; };
		073002BA24804415001BCF45 /* DetailPresenter.swift */ = {isa = PBXFileReference; fileEncoding = 4; lastKnownFileType = sourcecode.swift; path = DetailPresenter.swift; sourceTree = "<group>"; };
		073002BB24804415001BCF45 /* DetailRouter.swift */ = {isa = PBXFileReference; fileEncoding = 4; lastKnownFileType = sourcecode.swift; path = DetailRouter.swift; sourceTree = "<group>"; };
		073002BC24804416001BCF45 /* DetailAssembly.swift */ = {isa = PBXFileReference; fileEncoding = 4; lastKnownFileType = sourcecode.swift; path = DetailAssembly.swift; sourceTree = "<group>"; };
		073002BD24804416001BCF45 /* DetailInteractor.swift */ = {isa = PBXFileReference; fileEncoding = 4; lastKnownFileType = sourcecode.swift; path = DetailInteractor.swift; sourceTree = "<group>"; };
		0799BAF2247979C900ED8B5A /* Airplane.app */ = {isa = PBXFileReference; explicitFileType = wrapper.application; includeInIndex = 0; path = Airplane.app; sourceTree = BUILT_PRODUCTS_DIR; };
		0799BAF5247979C900ED8B5A /* AppDelegate.swift */ = {isa = PBXFileReference; lastKnownFileType = sourcecode.swift; path = AppDelegate.swift; sourceTree = "<group>"; };
		0799BAF7247979C900ED8B5A /* SceneDelegate.swift */ = {isa = PBXFileReference; lastKnownFileType = sourcecode.swift; path = SceneDelegate.swift; sourceTree = "<group>"; };
		0799BAF9247979C900ED8B5A /* HomeViewController.swift */ = {isa = PBXFileReference; lastKnownFileType = sourcecode.swift; path = HomeViewController.swift; sourceTree = "<group>"; };
		0799BAFC247979C900ED8B5A /* Base */ = {isa = PBXFileReference; lastKnownFileType = file.storyboard; name = Base; path = Base.lproj/Main.storyboard; sourceTree = "<group>"; };
		0799BAFE247979CA00ED8B5A /* Assets.xcassets */ = {isa = PBXFileReference; lastKnownFileType = folder.assetcatalog; path = Assets.xcassets; sourceTree = "<group>"; };
		0799BB01247979CA00ED8B5A /* Base */ = {isa = PBXFileReference; lastKnownFileType = file.storyboard; name = Base; path = Base.lproj/LaunchScreen.storyboard; sourceTree = "<group>"; };
		0799BB03247979CA00ED8B5A /* Info.plist */ = {isa = PBXFileReference; lastKnownFileType = text.plist.xml; path = Info.plist; sourceTree = "<group>"; };
		0799BB0924797C7E00ED8B5A /* HomePresenter.swift */ = {isa = PBXFileReference; lastKnownFileType = sourcecode.swift; path = HomePresenter.swift; sourceTree = "<group>"; };
		0799BB0B24797C9800ED8B5A /* HomeInteractor.swift */ = {isa = PBXFileReference; lastKnownFileType = sourcecode.swift; path = HomeInteractor.swift; sourceTree = "<group>"; };
		0799BB0D24797CBD00ED8B5A /* HomeRouter.swift */ = {isa = PBXFileReference; lastKnownFileType = sourcecode.swift; path = HomeRouter.swift; sourceTree = "<group>"; };
		0799BB1024797CEF00ED8B5A /* HomeAssembly.swift */ = {isa = PBXFileReference; lastKnownFileType = sourcecode.swift; path = HomeAssembly.swift; sourceTree = "<group>"; };
		0799BB14247999CA00ED8B5A /* Model.swift */ = {isa = PBXFileReference; lastKnownFileType = sourcecode.swift; path = Model.swift; sourceTree = "<group>"; };
		07B22615247B1958006FB68D /* NavigationBuilder.swift */ = {isa = PBXFileReference; lastKnownFileType = sourcecode.swift; path = NavigationBuilder.swift; sourceTree = "<group>"; };
		07B22618247B2DD7006FB68D /* DetailViewController.swift */ = {isa = PBXFileReference; lastKnownFileType = sourcecode.swift; path = DetailViewController.swift; sourceTree = "<group>"; };
		07B22619247B2DD7006FB68D /* DetailViewController.xib */ = {isa = PBXFileReference; lastKnownFileType = file.xib; path = DetailViewController.xib; sourceTree = "<group>"; };
		716EAC4A75C5B30A1CE36AC1 /* Pods_Airplane.framework */ = {isa = PBXFileReference; explicitFileType = wrapper.framework; includeInIndex = 0; path = Pods_Airplane.framework; sourceTree = BUILT_PRODUCTS_DIR; };
		C480B97EA252965F8553E87E /* Pods-Airplane.debug.xcconfig */ = {isa = PBXFileReference; includeInIndex = 1; lastKnownFileType = text.xcconfig; name = "Pods-Airplane.debug.xcconfig"; path = "Target Support Files/Pods-Airplane/Pods-Airplane.debug.xcconfig"; sourceTree = "<group>"; };
/* End PBXFileReference section */

/* Begin PBXFrameworksBuildPhase section */
		0799BAEF247979C900ED8B5A /* Frameworks */ = {
			isa = PBXFrameworksBuildPhase;
			buildActionMask = 2147483647;
			files = (
				532BBF313A244199F618E6C8 /* Pods_Airplane.framework in Frameworks */,
			);
			runOnlyForDeploymentPostprocessing = 0;
		};
/* End PBXFrameworksBuildPhase section */

/* Begin PBXGroup section */
		0720630F247AC5C700B3DD7D /* Cell */ = {
			isa = PBXGroup;
			children = (
				073002AD2480305D001BCF45 /* ContactTableViewCell.swift */,
				073002AE2480305D001BCF45 /* ContactTableViewCell.xib */,
				07206310247AC5FD00B3DD7D /* HomeUserTableViewCell.swift */,
				07206311247AC5FD00B3DD7D /* HomeUserTableViewCell.xib */,
			);
			path = Cell;
			sourceTree = "<group>";
		};
		07206314247AD77B00B3DD7D /* Utils */ = {
			isa = PBXGroup;
			children = (
				07206315247AD79900B3DD7D /* ExtensionViewCell.swift */,
			);
			path = Utils;
			sourceTree = "<group>";
		};
		0799BAE9247979C900ED8B5A = {
			isa = PBXGroup;
			children = (
				0799BAF4247979C900ED8B5A /* Airplane */,
				0799BAF3247979C900ED8B5A /* Products */,
				644DCB17EEBB6BBBD427F3A6 /* Pods */,
				121DC4F1875267A7C836F41C /* Frameworks */,
			);
			sourceTree = "<group>";
		};
		0799BAF3247979C900ED8B5A /* Products */ = {
			isa = PBXGroup;
			children = (
				0799BAF2247979C900ED8B5A /* Airplane.app */,
			);
			name = Products;
			sourceTree = "<group>";
		};
		0799BAF4247979C900ED8B5A /* Airplane */ = {
			isa = PBXGroup;
			children = (
				0799BAF5247979C900ED8B5A /* AppDelegate.swift */,
				0799BAF7247979C900ED8B5A /* SceneDelegate.swift */,
				0799BB13247999A400ED8B5A /* Entity */,
				0799BB122479999600ED8B5A /* Home */,
				07B22617247B2DB0006FB68D /* Detail */,
				0720630F247AC5C700B3DD7D /* Cell */,
				07B22614247B192D006FB68D /* Navigation */,
				07206314247AD77B00B3DD7D /* Utils */,
				0799BAFB247979C900ED8B5A /* Main.storyboard */,
				0799BAFE247979CA00ED8B5A /* Assets.xcassets */,
				0799BB00247979CA00ED8B5A /* LaunchScreen.storyboard */,
				0799BB03247979CA00ED8B5A /* Info.plist */,
			);
			path = Airplane;
			sourceTree = "<group>";
		};
		0799BB122479999600ED8B5A /* Home */ = {
			isa = PBXGroup;
			children = (
				0799BB1024797CEF00ED8B5A /* HomeAssembly.swift */,
				0799BB0B24797C9800ED8B5A /* HomeInteractor.swift */,
				0799BB0924797C7E00ED8B5A /* HomePresenter.swift */,
				0799BB0D24797CBD00ED8B5A /* HomeRouter.swift */,
				0799BAF9247979C900ED8B5A /* HomeViewController.swift */,
			);
			path = Home;
			sourceTree = "<group>";
		};
		0799BB13247999A400ED8B5A /* Entity */ = {
			isa = PBXGroup;
			children = (
				0799BB14247999CA00ED8B5A /* Model.swift */,
			);
			path = Entity;
			sourceTree = "<group>";
		};
		07B22614247B192D006FB68D /* Navigation */ = {
			isa = PBXGroup;
			children = (
				07B22615247B1958006FB68D /* NavigationBuilder.swift */,
			);
			path = Navigation;
			sourceTree = "<group>";
		};
		07B22617247B2DB0006FB68D /* Detail */ = {
			isa = PBXGroup;
			children = (
				073002BC24804416001BCF45 /* DetailAssembly.swift */,
				073002BD24804416001BCF45 /* DetailInteractor.swift */,
				073002BA24804415001BCF45 /* DetailPresenter.swift */,
				073002BB24804415001BCF45 /* DetailRouter.swift */,
				07B22618247B2DD7006FB68D /* DetailViewController.swift */,
				07B22619247B2DD7006FB68D /* DetailViewController.xib */,
			);
			path = Detail;
			sourceTree = "<group>";
		};
		121DC4F1875267A7C836F41C /* Frameworks */ = {
			isa = PBXGroup;
			children = (
				716EAC4A75C5B30A1CE36AC1 /* Pods_Airplane.framework */,
			);
			name = Frameworks;
			sourceTree = "<group>";
		};
		644DCB17EEBB6BBBD427F3A6 /* Pods */ = {
			isa = PBXGroup;
			children = (
				C480B97EA252965F8553E87E /* Pods-Airplane.debug.xcconfig */,
				06FE9B04B7F8EDCACF17B5D8 /* Pods-Airplane.release.xcconfig */,
			);
			path = Pods;
			sourceTree = "<group>";
		};
/* End PBXGroup section */

/* Begin PBXNativeTarget section */
		0799BAF1247979C900ED8B5A /* Airplane */ = {
			isa = PBXNativeTarget;
			buildConfigurationList = 0799BB06247979CA00ED8B5A /* Build configuration list for PBXNativeTarget "Airplane" */;
			buildPhases = (
				E67673A6A0CF15F36D65BD1F /* [CP] Check Pods Manifest.lock */,
				0799BAEE247979C900ED8B5A /* Sources */,
				0799BAEF247979C900ED8B5A /* Frameworks */,
				0799BAF0247979C900ED8B5A /* Resources */,
				96BFDF944A80FAA039BF99BE /* [CP] Embed Pods Frameworks */,
			);
			buildRules = (
			);
			dependencies = (
			);
			name = Airplane;
			productName = Airplane;
			productReference = 0799BAF2247979C900ED8B5A /* Airplane.app */;
			productType = "com.apple.product-type.application";
		};
/* End PBXNativeTarget section */

/* Begin PBXProject section */
		0799BAEA247979C900ED8B5A /* Project object */ = {
			isa = PBXProject;
			attributes = {
				LastSwiftUpdateCheck = 1150;
				LastUpgradeCheck = 1150;
				ORGANIZATIONNAME = TestCompany;
				TargetAttributes = {
					0799BAF1247979C900ED8B5A = {
						CreatedOnToolsVersion = 11.5;
					};
				};
			};
			buildConfigurationList = 0799BAED247979C900ED8B5A /* Build configuration list for PBXProject "Airplane" */;
			compatibilityVersion = "Xcode 9.3";
			developmentRegion = en;
			hasScannedForEncodings = 0;
			knownRegions = (
				en,
				Base,
			);
			mainGroup = 0799BAE9247979C900ED8B5A;
			productRefGroup = 0799BAF3247979C900ED8B5A /* Products */;
			projectDirPath = "";
			projectRoot = "";
			targets = (
				0799BAF1247979C900ED8B5A /* Airplane */,
			);
		};
/* End PBXProject section */

/* Begin PBXResourcesBuildPhase section */
		0799BAF0247979C900ED8B5A /* Resources */ = {
			isa = PBXResourcesBuildPhase;
			buildActionMask = 2147483647;
			files = (
				073002B02480305D001BCF45 /* ContactTableViewCell.xib in Resources */,
				0799BB02247979CA00ED8B5A /* LaunchScreen.storyboard in Resources */,
				07206313247AC5FD00B3DD7D /* HomeUserTableViewCell.xib in Resources */,
				07B2261B247B2DD7006FB68D /* DetailViewController.xib in Resources */,
				0799BAFF247979CA00ED8B5A /* Assets.xcassets in Resources */,
				0799BAFD247979C900ED8B5A /* Main.storyboard in Resources */,
			);
			runOnlyForDeploymentPostprocessing = 0;
		};
/* End PBXResourcesBuildPhase section */

/* Begin PBXShellScriptBuildPhase section */
		96BFDF944A80FAA039BF99BE /* [CP] Embed Pods Frameworks */ = {
			isa = PBXShellScriptBuildPhase;
			buildActionMask = 2147483647;
			files = (
			);
			inputFileListPaths = (
				"${PODS_ROOT}/Target Support Files/Pods-Airplane/Pods-Airplane-frameworks-${CONFIGURATION}-input-files.xcfilelist",
			);
			name = "[CP] Embed Pods Frameworks";
			outputFileListPaths = (
				"${PODS_ROOT}/Target Support Files/Pods-Airplane/Pods-Airplane-frameworks-${CONFIGURATION}-output-files.xcfilelist",
			);
			runOnlyForDeploymentPostprocessing = 0;
			shellPath = /bin/sh;
			shellScript = "\"${PODS_ROOT}/Target Support Files/Pods-Airplane/Pods-Airplane-frameworks.sh\"\n";
			showEnvVarsInLog = 0;
		};
		E67673A6A0CF15F36D65BD1F /* [CP] Check Pods Manifest.lock */ = {
			isa = PBXShellScriptBuildPhase;
			buildActionMask = 2147483647;
			files = (
			);
			inputFileListPaths = (
			);
			inputPaths = (
				"${PODS_PODFILE_DIR_PATH}/Podfile.lock",
				"${PODS_ROOT}/Manifest.lock",
			);
			name = "[CP] Check Pods Manifest.lock";
			outputFileListPaths = (
			);
			outputPaths = (
				"$(DERIVED_FILE_DIR)/Pods-Airplane-checkManifestLockResult.txt",
			);
			runOnlyForDeploymentPostprocessing = 0;
			shellPath = /bin/sh;
			shellScript = "diff \"${PODS_PODFILE_DIR_PATH}/Podfile.lock\" \"${PODS_ROOT}/Manifest.lock\" > /dev/null\nif [ $? != 0 ] ; then\n    # print error to STDERR\n    echo \"error: The sandbox is not in sync with the Podfile.lock. Run 'pod install' or update your CocoaPods installation.\" >&2\n    exit 1\nfi\n# This output is used by Xcode 'outputs' to avoid re-running this script phase.\necho \"SUCCESS\" > \"${SCRIPT_OUTPUT_FILE_0}\"\n";
			showEnvVarsInLog = 0;
		};
/* End PBXShellScriptBuildPhase section */

/* Begin PBXSourcesBuildPhase section */
		0799BAEE247979C900ED8B5A /* Sources */ = {
			isa = PBXSourcesBuildPhase;
			buildActionMask = 2147483647;
			files = (
				073002BF24804416001BCF45 /* DetailRouter.swift in Sources */,
				073002AF2480305D001BCF45 /* ContactTableViewCell.swift in Sources */,
				073002C024804416001BCF45 /* DetailAssembly.swift in Sources */,
				0799BB15247999CA00ED8B5A /* Model.swift in Sources */,
				0799BAFA247979C900ED8B5A /* HomeViewController.swift in Sources */,
				07206316247AD79900B3DD7D /* ExtensionViewCell.swift in Sources */,
				07B2261A247B2DD7006FB68D /* DetailViewController.swift in Sources */,
				073002BE24804416001BCF45 /* DetailPresenter.swift in Sources */,
				07B22616247B1958006FB68D /* NavigationBuilder.swift in Sources */,
				0799BB0E24797CBD00ED8B5A /* HomeRouter.swift in Sources */,
				0799BAF6247979C900ED8B5A /* AppDelegate.swift in Sources */,
				0799BAF8247979C900ED8B5A /* SceneDelegate.swift in Sources */,
				07206312247AC5FD00B3DD7D /* HomeUserTableViewCell.swift in Sources */,
				073002C124804416001BCF45 /* DetailInteractor.swift in Sources */,
				0799BB0C24797C9800ED8B5A /* HomeInteractor.swift in Sources */,
				0799BB0A24797C7E00ED8B5A /* HomePresenter.swift in Sources */,
				0799BB1124797CEF00ED8B5A /* HomeAssembly.swift in Sources */,
			);
			runOnlyForDeploymentPostprocessing = 0;
		};
/* End PBXSourcesBuildPhase section */

/* Begin PBXVariantGroup section */
		0799BAFB247979C900ED8B5A /* Main.storyboard */ = {
			isa = PBXVariantGroup;
			children = (
				0799BAFC247979C900ED8B5A /* Base */,
			);
			name = Main.storyboard;
			sourceTree = "<group>";
		};
		0799BB00247979CA00ED8B5A /* LaunchScreen.storyboard */ = {
			isa = PBXVariantGroup;
			children = (
				0799BB01247979CA00ED8B5A /* Base */,
			);
			name = LaunchScreen.storyboard;
			sourceTree = "<group>";
		};
/* End PBXVariantGroup section */

/* Begin XCBuildConfiguration section */
		0799BB04247979CA00ED8B5A /* Debug */ = {
			isa = XCBuildConfiguration;
			buildSettings = {
				ALWAYS_SEARCH_USER_PATHS = NO;
				CLANG_ANALYZER_NONNULL = YES;
				CLANG_ANALYZER_NUMBER_OBJECT_CONVERSION = YES_AGGRESSIVE;
				CLANG_CXX_LANGUAGE_STANDARD = "gnu++14";
				CLANG_CXX_LIBRARY = "libc++";
				CLANG_ENABLE_MODULES = YES;
				CLANG_ENABLE_OBJC_ARC = YES;
				CLANG_ENABLE_OBJC_WEAK = YES;
				CLANG_WARN_BLOCK_CAPTURE_AUTORELEASING = YES;
				CLANG_WARN_BOOL_CONVERSION = YES;
				CLANG_WARN_COMMA = YES;
				CLANG_WARN_CONSTANT_CONVERSION = YES;
				CLANG_WARN_DEPRECATED_OBJC_IMPLEMENTATIONS = YES;
				CLANG_WARN_DIRECT_OBJC_ISA_USAGE = YES_ERROR;
				CLANG_WARN_DOCUMENTATION_COMMENTS = YES;
				CLANG_WARN_EMPTY_BODY = YES;
				CLANG_WARN_ENUM_CONVERSION = YES;
				CLANG_WARN_INFINITE_RECURSION = YES;
				CLANG_WARN_INT_CONVERSION = YES;
				CLANG_WARN_NON_LITERAL_NULL_CONVERSION = YES;
				CLANG_WARN_OBJC_IMPLICIT_RETAIN_SELF = YES;
				CLANG_WARN_OBJC_LITERAL_CONVERSION = YES;
				CLANG_WARN_OBJC_ROOT_CLASS = YES_ERROR;
				CLANG_WARN_RANGE_LOOP_ANALYSIS = YES;
				CLANG_WARN_STRICT_PROTOTYPES = YES;
				CLANG_WARN_SUSPICIOUS_MOVE = YES;
				CLANG_WARN_UNGUARDED_AVAILABILITY = YES_AGGRESSIVE;
				CLANG_WARN_UNREACHABLE_CODE = YES;
				CLANG_WARN__DUPLICATE_METHOD_MATCH = YES;
				COPY_PHASE_STRIP = NO;
				DEBUG_INFORMATION_FORMAT = dwarf;
				ENABLE_STRICT_OBJC_MSGSEND = YES;
				ENABLE_TESTABILITY = YES;
				GCC_C_LANGUAGE_STANDARD = gnu11;
				GCC_DYNAMIC_NO_PIC = NO;
				GCC_NO_COMMON_BLOCKS = YES;
				GCC_OPTIMIZATION_LEVEL = 0;
				GCC_PREPROCESSOR_DEFINITIONS = (
					"DEBUG=1",
					"$(inherited)",
				);
				GCC_WARN_64_TO_32_BIT_CONVERSION = YES;
				GCC_WARN_ABOUT_RETURN_TYPE = YES_ERROR;
				GCC_WARN_UNDECLARED_SELECTOR = YES;
				GCC_WARN_UNINITIALIZED_AUTOS = YES_AGGRESSIVE;
				GCC_WARN_UNUSED_FUNCTION = YES;
				GCC_WARN_UNUSED_VARIABLE = YES;
				IPHONEOS_DEPLOYMENT_TARGET = 13.5;
				MTL_ENABLE_DEBUG_INFO = INCLUDE_SOURCE;
				MTL_FAST_MATH = YES;
				ONLY_ACTIVE_ARCH = YES;
				SDKROOT = iphoneos;
				SWIFT_ACTIVE_COMPILATION_CONDITIONS = DEBUG;
				SWIFT_OPTIMIZATION_LEVEL = "-Onone";
			};
			name = Debug;
		};
		0799BB05247979CA00ED8B5A /* Release */ = {
			isa = XCBuildConfiguration;
			buildSettings = {
				ALWAYS_SEARCH_USER_PATHS = NO;
				CLANG_ANALYZER_NONNULL = YES;
				CLANG_ANALYZER_NUMBER_OBJECT_CONVERSION = YES_AGGRESSIVE;
				CLANG_CXX_LANGUAGE_STANDARD = "gnu++14";
				CLANG_CXX_LIBRARY = "libc++";
				CLANG_ENABLE_MODULES = YES;
				CLANG_ENABLE_OBJC_ARC = YES;
				CLANG_ENABLE_OBJC_WEAK = YES;
				CLANG_WARN_BLOCK_CAPTURE_AUTORELEASING = YES;
				CLANG_WARN_BOOL_CONVERSION = YES;
				CLANG_WARN_COMMA = YES;
				CLANG_WARN_CONSTANT_CONVERSION = YES;
				CLANG_WARN_DEPRECATED_OBJC_IMPLEMENTATIONS = YES;
				CLANG_WARN_DIRECT_OBJC_ISA_USAGE = YES_ERROR;
				CLANG_WARN_DOCUMENTATION_COMMENTS = YES;
				CLANG_WARN_EMPTY_BODY = YES;
				CLANG_WARN_ENUM_CONVERSION = YES;
				CLANG_WARN_INFINITE_RECURSION = YES;
				CLANG_WARN_INT_CONVERSION = YES;
				CLANG_WARN_NON_LITERAL_NULL_CONVERSION = YES;
				CLANG_WARN_OBJC_IMPLICIT_RETAIN_SELF = YES;
				CLANG_WARN_OBJC_LITERAL_CONVERSION = YES;
				CLANG_WARN_OBJC_ROOT_CLASS = YES_ERROR;
				CLANG_WARN_RANGE_LOOP_ANALYSIS = YES;
				CLANG_WARN_STRICT_PROTOTYPES = YES;
				CLANG_WARN_SUSPICIOUS_MOVE = YES;
				CLANG_WARN_UNGUARDED_AVAILABILITY = YES_AGGRESSIVE;
				CLANG_WARN_UNREACHABLE_CODE = YES;
				CLANG_WARN__DUPLICATE_METHOD_MATCH = YES;
				COPY_PHASE_STRIP = NO;
				DEBUG_INFORMATION_FORMAT = "dwarf-with-dsym";
				ENABLE_NS_ASSERTIONS = NO;
				ENABLE_STRICT_OBJC_MSGSEND = YES;
				GCC_C_LANGUAGE_STANDARD = gnu11;
				GCC_NO_COMMON_BLOCKS = YES;
				GCC_WARN_64_TO_32_BIT_CONVERSION = YES;
				GCC_WARN_ABOUT_RETURN_TYPE = YES_ERROR;
				GCC_WARN_UNDECLARED_SELECTOR = YES;
				GCC_WARN_UNINITIALIZED_AUTOS = YES_AGGRESSIVE;
				GCC_WARN_UNUSED_FUNCTION = YES;
				GCC_WARN_UNUSED_VARIABLE = YES;
				IPHONEOS_DEPLOYMENT_TARGET = 13.5;
				MTL_ENABLE_DEBUG_INFO = NO;
				MTL_FAST_MATH = YES;
				SDKROOT = iphoneos;
				SWIFT_COMPILATION_MODE = wholemodule;
				SWIFT_OPTIMIZATION_LEVEL = "-O";
				VALIDATE_PRODUCT = YES;
			};
			name = Release;
		};
		0799BB07247979CA00ED8B5A /* Debug */ = {
			isa = XCBuildConfiguration;
			baseConfigurationReference = C480B97EA252965F8553E87E /* Pods-Airplane.debug.xcconfig */;
			buildSettings = {
				ASSETCATALOG_COMPILER_APPICON_NAME = AppIcon;
				CODE_SIGN_STYLE = Manual;
				DEVELOPMENT_TEAM = "";
				INFOPLIST_FILE = Airplane/Info.plist;
				LD_RUNPATH_SEARCH_PATHS = (
					"$(inherited)",
					"@executable_path/Frameworks",
				);
				PRODUCT_BUNDLE_IDENTIFIER = com.tho.swift.Airplane;
				PRODUCT_NAME = "$(TARGET_NAME)";
				PROVISIONING_PROFILE_SPECIFIER = "";
				SWIFT_VERSION = 5.0;
				TARGETED_DEVICE_FAMILY = "1,2";
			};
			name = Debug;
		};
		0799BB08247979CA00ED8B5A /* Release */ = {
			isa = XCBuildConfiguration;
			baseConfigurationReference = 06FE9B04B7F8EDCACF17B5D8 /* Pods-Airplane.release.xcconfig */;
			buildSettings = {
				ASSETCATALOG_COMPILER_APPICON_NAME = AppIcon;
				CODE_SIGN_STYLE = Manual;
				DEVELOPMENT_TEAM = "";
				INFOPLIST_FILE = Airplane/Info.plist;
				LD_RUNPATH_SEARCH_PATHS = (
					"$(inherited)",
					"@executable_path/Frameworks",
				);
				PRODUCT_BUNDLE_IDENTIFIER = com.tho.swift.Airplane;
				PRODUCT_NAME = "$(TARGET_NAME)";
				PROVISIONING_PROFILE_SPECIFIER = "";
				SWIFT_VERSION = 5.0;
				TARGETED_DEVICE_FAMILY = "1,2";
			};
			name = Release;
		};
/* End XCBuildConfiguration section */

/* Begin XCConfigurationList section */
		0799BAED247979C900ED8B5A /* Build configuration list for PBXProject "Airplane" */ = {
			isa = XCConfigurationList;
			buildConfigurations = (
				0799BB04247979CA00ED8B5A /* Debug */,
				0799BB05247979CA00ED8B5A /* Release */,
			);
			defaultConfigurationIsVisible = 0;
			defaultConfigurationName = Release;
		};
		0799BB06247979CA00ED8B5A /* Build configuration list for PBXNativeTarget "Airplane" */ = {
			isa = XCConfigurationList;
			buildConfigurations = (
				0799BB07247979CA00ED8B5A /* Debug */,
				0799BB08247979CA00ED8B5A /* Release */,
			);
			defaultConfigurationIsVisible = 0;
			defaultConfigurationName = Release;
		};
/* End XCConfigurationList section */
	};
	rootObject = 0799BAEA247979C900ED8B5A /* Project object */;
}
